
Microsoft Visual Studio Solution File, Format Version 12.00
# Visual Studio Version 17
VisualStudioVersion = 17.0.31903.59
MinimumVisualStudioVersion = 10.0.40219.1
Project("{FAE04EC0-301F-11D3-BF4B-00C04F79EFBC}") = "BuberDinner.Api", "BuberDinner.Api\BuberDinner.Api.csproj", "{539837CD-6967-4FB9-99AE-979B79B402CA}"
EndProject
Project("{FAE04EC0-301F-11D3-BF4B-00C04F79EFBC}") = "BuberDinner.Application", "BuberDinner.Application\BuberDinner.Application.csproj", "{BA6A507B-B83B-4672-B69F-40EC36D0D0E0}"
EndProject
Project("{FAE04EC0-301F-11D3-BF4B-00C04F79EFBC}") = "BuberDinner.Contracts", "BuberDinner.Contracts\BuberDinner.Contracts.csproj", "{B6755430-D732-48E1-A831-0917FBE78F05}"
EndProject
Project("{FAE04EC0-301F-11D3-BF4B-00C04F79EFBC}") = "BuberDinner.Domain", "BuberDinner.Domain\BuberDinner.Domain.csproj", "{4B3328F9-D0E7-41A2-83EC-3452A52BC77F}"
EndProject
Project("{FAE04EC0-301F-11D3-BF4B-00C04F79EFBC}") = "BuberDinner.Infrastructure", "BuberDinner.Infrastructure\BuberDinner.Infrastructure.csproj", "{DBF92F9F-A36D-4845-AFFE-881B1A5A83D2}"
EndProject
Global
	GlobalSection(SolutionConfigurationPlatforms) = preSolution
		Debug|Any CPU = Debug|Any CPU
		Release|Any CPU = Release|Any CPU
	EndGlobalSection
	GlobalSection(SolutionProperties) = preSolution
		HideSolutionNode = FALSE
	EndGlobalSection
	GlobalSection(ProjectConfigurationPlatforms) = postSolution
		{539837CD-6967-4FB9-99AE-979B79B402CA}.Debug|Any CPU.ActiveCfg = Debug|Any CPU
		{539837CD-6967-4FB9-99AE-979B79B402CA}.Debug|Any CPU.Build.0 = Debug|Any CPU
		{539837CD-6967-4FB9-99AE-979B79B402CA}.Release|Any CPU.ActiveCfg = Release|Any CPU
		{539837CD-6967-4FB9-99AE-979B79B402CA}.Release|Any CPU.Build.0 = Release|Any CPU
		{BA6A507B-B83B-4672-B69F-40EC36D0D0E0}.Debug|Any CPU.ActiveCfg = Debug|Any CPU
		{BA6A507B-B83B-4672-B69F-40EC36D0D0E0}.Debug|Any CPU.Build.0 = Debug|Any CPU
		{BA6A507B-B83B-4672-B69F-40EC36D0D0E0}.Release|Any CPU.ActiveCfg = Release|Any CPU
		{BA6A507B-B83B-4672-B69F-40EC36D0D0E0}.Release|Any CPU.Build.0 = Release|Any CPU
		{B6755430-D732-48E1-A831-0917FBE78F05}.Debug|Any CPU.ActiveCfg = Debug|Any CPU
		{B6755430-D732-48E1-A831-0917FBE78F05}.Debug|Any CPU.Build.0 = Debug|Any CPU
		{B6755430-D732-48E1-A831-0917FBE78F05}.Release|Any CPU.ActiveCfg = Release|Any CPU
		{B6755430-D732-48E1-A831-0917FBE78F05}.Release|Any CPU.Build.0 = Release|Any CPU
		{4B3328F9-D0E7-41A2-83EC-3452A52BC77F}.Debug|Any CPU.ActiveCfg = Debug|Any CPU
		{4B3328F9-D0E7-41A2-83EC-3452A52BC77F}.Debug|Any CPU.Build.0 = Debug|Any CPU
		{4B3328F9-D0E7-41A2-83EC-3452A52BC77F}.Release|Any CPU.ActiveCfg = Release|Any CPU
		{4B3328F9-D0E7-41A2-83EC-3452A52BC77F}.Release|Any CPU.Build.0 = Release|Any CPU
		{DBF92F9F-A36D-4845-AFFE-881B1A5A83D2}.Debug|Any CPU.ActiveCfg = Debug|Any CPU
		{DBF92F9F-A36D-4845-AFFE-881B1A5A83D2}.Debug|Any CPU.Build.0 = Debug|Any CPU
		{DBF92F9F-A36D-4845-AFFE-881B1A5A83D2}.Release|Any CPU.ActiveCfg = Release|Any CPU
		{DBF92F9F-A36D-4845-AFFE-881B1A5A83D2}.Release|Any CPU.Build.0 = Release|Any CPU
	EndGlobalSection
EndGlobal
